// !$*UTF8*$!
{
	archiveVersion = 1;
	classes = {
	};
	objectVersion = 55;
	objects = {

/* Begin PBXBuildFile section */
		37AB3EDA28679DF800724052 /* AppDelegate.swift in Sources */ = {isa = PBXBuildFile; fileRef = 37AB3ED928679DF800724052 /* AppDelegate.swift */; };
		37AB3EDC28679DF800724052 /* SceneDelegate.swift in Sources */ = {isa = PBXBuildFile; fileRef = 37AB3EDB28679DF800724052 /* SceneDelegate.swift */; };
		37AB3EDE28679DF800724052 /* ViewController.swift in Sources */ = {isa = PBXBuildFile; fileRef = 37AB3EDD28679DF800724052 /* ViewController.swift */; };
		37AB3EE128679DF800724052 /* Main.storyboard in Resources */ = {isa = PBXBuildFile; fileRef = 37AB3EDF28679DF800724052 /* Main.storyboard */; };
		37AB3EE428679DF800724052 /* dataapp.xcdatamodeld in Sources */ = {isa = PBXBuildFile; fileRef = 37AB3EE228679DF800724052 /* dataapp.xcdatamodeld */; };
		37AB3EE628679DF900724052 /* Assets.xcassets in Resources */ = {isa = PBXBuildFile; fileRef = 37AB3EE528679DF900724052 /* Assets.xcassets */; };
		37AB3EE928679DF900724052 /* LaunchScreen.storyboard in Resources */ = {isa = PBXBuildFile; fileRef = 37AB3EE728679DF900724052 /* LaunchScreen.storyboard */; };
		37AB3EF428679DF900724052 /* dataappTests.swift in Sources */ = {isa = PBXBuildFile; fileRef = 37AB3EF328679DF900724052 /* dataappTests.swift */; };
		37AB3EFE28679DF900724052 /* dataappUITests.swift in Sources */ = {isa = PBXBuildFile; fileRef = 37AB3EFD28679DF900724052 /* dataappUITests.swift */; };
		37AB3F0028679DF900724052 /* dataappUITestsLaunchTests.swift in Sources */ = {isa = PBXBuildFile; fileRef = 37AB3EFF28679DF900724052 /* dataappUITestsLaunchTests.swift */; };
		37AB3F0D2867A4C600724052 /* detayViewController.swift in Sources */ = {isa = PBXBuildFile; fileRef = 37AB3F0C2867A4C600724052 /* detayViewController.swift */; };
/* End PBXBuildFile section */

/* Begin PBXContainerItemProxy section */
		37AB3EF028679DF900724052 /* PBXContainerItemProxy */ = {
			isa = PBXContainerItemProxy;
			containerPortal = 37AB3ECE28679DF800724052 /* Project object */;
			proxyType = 1;
			remoteGlobalIDString = 37AB3ED528679DF800724052;
			remoteInfo = dataapp;
		};
		37AB3EFA28679DF900724052 /* PBXContainerItemProxy */ = {
			isa = PBXContainerItemProxy;
			containerPortal = 37AB3ECE28679DF800724052 /* Project object */;
			proxyType = 1;
			remoteGlobalIDString = 37AB3ED528679DF800724052;
			remoteInfo = dataapp;
		};
/* End PBXContainerItemProxy section */

/* Begin PBXFileReference section */
		37AB3ED628679DF800724052 /* dataapp.app */ = {isa = PBXFileReference; explicitFileType = wrapper.application; includeInIndex = 0; path = dataapp.app; sourceTree = BUILT_PRODUCTS_DIR; };
		37AB3ED928679DF800724052 /* AppDelegate.swift */ = {isa = PBXFileReference; lastKnownFileType = sourcecode.swift; path = AppDelegate.swift; sourceTree = "<group>"; };
		37AB3EDB28679DF800724052 /* SceneDelegate.swift */ = {isa = PBXFileReference; lastKnownFileType = sourcecode.swift; path = SceneDelegate.swift; sourceTree = "<group>"; };
		37AB3EDD28679DF800724052 /* ViewController.swift */ = {isa = PBXFileReference; lastKnownFileType = sourcecode.swift; path = ViewController.swift; sourceTree = "<group>"; };
		37AB3EE028679DF800724052 /* Base */ = {isa = PBXFileReference; lastKnownFileType = file.storyboard; name = Base; path = Base.lproj/Main.storyboard; sourceTree = "<group>"; };
		37AB3EE328679DF800724052 /* dataapp.xcdatamodel */ = {isa = PBXFileReference; lastKnownFileType = wrapper.xcdatamodel; path = dataapp.xcdatamodel; sourceTree = "<group>"; };
		37AB3EE528679DF900724052 /* Assets.xcassets */ = {isa = PBXFileReference; lastKnownFileType = folder.assetcatalog; path = Assets.xcassets; sourceTree = "<group>"; };
		37AB3EE828679DF900724052 /* Base */ = {isa = PBXFileReference; lastKnownFileType = file.storyboard; name = Base; path = Base.lproj/LaunchScreen.storyboard; sourceTree = "<group>"; };
		37AB3EEA28679DF900724052 /* Info.plist */ = {isa = PBXFileReference; lastKnownFileType = text.plist.xml; path = Info.plist; sourceTree = "<group>"; };
		37AB3EEF28679DF900724052 /* dataappTests.xctest */ = {isa = PBXFileReference; explicitFileType = wrapper.cfbundle; includeInIndex = 0; path = dataappTests.xctest; sourceTree = BUILT_PRODUCTS_DIR; };
		37AB3EF328679DF900724052 /* dataappTests.swift */ = {isa = PBXFileReference; lastKnownFileType = sourcecode.swift; path = dataappTests.swift; sourceTree = "<group>"; };
		37AB3EF928679DF900724052 /* dataappUITests.xctest */ = {isa = PBXFileReference; explicitFileType = wrapper.cfbundle; includeInIndex = 0; path = dataappUITests.xctest; sourceTree = BUILT_PRODUCTS_DIR; };
		37AB3EFD28679DF900724052 /* dataappUITests.swift */ = {isa = PBXFileReference; lastKnownFileType = sourcecode.swift; path = dataappUITests.swift; sourceTree = "<group>"; };
		37AB3EFF28679DF900724052 /* dataappUITestsLaunchTests.swift */ = {isa = PBXFileReference; lastKnownFileType = sourcecode.swift; path = dataappUITestsLaunchTests.swift; sourceTree = "<group>"; };
		37AB3F0C2867A4C600724052 /* detayViewController.swift */ = {isa = PBXFileReference; lastKnownFileType = sourcecode.swift; path = detayViewController.swift; sourceTree = "<group>"; };
/* End PBXFileReference section */

/* Begin PBXFrameworksBuildPhase section */
		37AB3ED328679DF800724052 /* Frameworks */ = {
			isa = PBXFrameworksBuildPhase;
			buildActionMask = 2147483647;
			files = (
			);
			runOnlyForDeploymentPostprocessing = 0;
		};
		37AB3EEC28679DF900724052 /* Frameworks */ = {
			isa = PBXFrameworksBuildPhase;
			buildActionMask = 2147483647;
			files = (
			);
			runOnlyForDeploymentPostprocessing = 0;
		};
		37AB3EF628679DF900724052 /* Frameworks */ = {
			isa = PBXFrameworksBuildPhase;
			buildActionMask = 2147483647;
			files = (
			);
			runOnlyForDeploymentPostprocessing = 0;
		};
/* End PBXFrameworksBuildPhase section */

/* Begin PBXGroup section */
		37AB3ECD28679DF800724052 = {
			isa = PBXGroup;
			children = (
				37AB3ED828679DF800724052 /* dataapp */,
				37AB3EF228679DF900724052 /* dataappTests */,
				37AB3EFC28679DF900724052 /* dataappUITests */,
				37AB3ED728679DF800724052 /* Products */,
			);
			sourceTree = "<group>";
		};
		37AB3ED728679DF800724052 /* Products */ = {
			isa = PBXGroup;
			children = (
				37AB3ED628679DF800724052 /* dataapp.app */,
				37AB3EEF28679DF900724052 /* dataappTests.xctest */,
				37AB3EF928679DF900724052 /* dataappUITests.xctest */,
			);
			name = Products;
			sourceTree = "<group>";
		};
		37AB3ED828679DF800724052 /* dataapp */ = {
			isa = PBXGroup;
			children = (
				37AB3ED928679DF800724052 /* AppDelegate.swift */,
				37AB3EDB28679DF800724052 /* SceneDelegate.swift */,
				37AB3F0C2867A4C600724052 /* detayViewController.swift */,
				37AB3EDD28679DF800724052 /* ViewController.swift */,
				37AB3EDF28679DF800724052 /* Main.storyboard */,
				37AB3EE528679DF900724052 /* Assets.xcassets */,
				37AB3EE728679DF900724052 /* LaunchScreen.storyboard */,
				37AB3EEA28679DF900724052 /* Info.plist */,
				37AB3EE228679DF800724052 /* dataapp.xcdatamodeld */,
			);
			path = dataapp;
			sourceTree = "<group>";
		};
		37AB3EF228679DF900724052 /* dataappTests */ = {
			isa = PBXGroup;
			children = (
				37AB3EF328679DF900724052 /* dataappTests.swift */,
			);
			path = dataappTests;
			sourceTree = "<group>";
		};
		37AB3EFC28679DF900724052 /* dataappUITests */ = {
			isa = PBXGroup;
			children = (
				37AB3EFD28679DF900724052 /* dataappUITests.swift */,
				37AB3EFF28679DF900724052 /* dataappUITestsLaunchTests.swift */,
			);
			path = dataappUITests;
			sourceTree = "<group>";
		};
/* End PBXGroup section */

/* Begin PBXNativeTarget section */
		37AB3ED528679DF800724052 /* dataapp */ = {
			isa = PBXNativeTarget;
			buildConfigurationList = 37AB3F0328679DF900724052 /* Build configuration list for PBXNativeTarget "dataapp" */;
			buildPhases = (
				37AB3ED228679DF800724052 /* Sources */,
				37AB3ED328679DF800724052 /* Frameworks */,
				37AB3ED428679DF800724052 /* Resources */,
			);
			buildRules = (
			);
			dependencies = (
			);
			name = dataapp;
			productName = dataapp;
			productReference = 37AB3ED628679DF800724052 /* dataapp.app */;
			productType = "com.apple.product-type.application";
		};
		37AB3EEE28679DF900724052 /* dataappTests */ = {
			isa = PBXNativeTarget;
			buildConfigurationList = 37AB3F0628679DF900724052 /* Build configuration list for PBXNativeTarget "dataappTests" */;
			buildPhases = (
				37AB3EEB28679DF900724052 /* Sources */,
				37AB3EEC28679DF900724052 /* Frameworks */,
				37AB3EED28679DF900724052 /* Resources */,
			);
			buildRules = (
			);
			dependencies = (
				37AB3EF128679DF900724052 /* PBXTargetDependency */,
			);
			name = dataappTests;
			productName = dataappTests;
			productReference = 37AB3EEF28679DF900724052 /* dataappTests.xctest */;
			productType = "com.apple.product-type.bundle.unit-test";
		};
		37AB3EF828679DF900724052 /* dataappUITests */ = {
			isa = PBXNativeTarget;
			buildConfigurationList = 37AB3F0928679DF900724052 /* Build configuration list for PBXNativeTarget "dataappUITests" */;
			buildPhases = (
				37AB3EF528679DF900724052 /* Sources */,
				37AB3EF628679DF900724052 /* Frameworks */,
				37AB3EF728679DF900724052 /* Resources */,
			);
			buildRules = (
			);
			dependencies = (
				37AB3EFB28679DF900724052 /* PBXTargetDependency */,
			);
			name = dataappUITests;
			productName = dataappUITests;
			productReference = 37AB3EF928679DF900724052 /* dataappUITests.xctest */;
			productType = "com.apple.product-type.bundle.ui-testing";
		};
/* End PBXNativeTarget section */

/* Begin PBXProject section */
		37AB3ECE28679DF800724052 /* Project object */ = {
			isa = PBXProject;
			attributes = {
				BuildIndependentTargetsInParallel = 1;
				LastSwiftUpdateCheck = 1320;
				LastUpgradeCheck = 1320;
				TargetAttributes = {
					37AB3ED528679DF800724052 = {
						CreatedOnToolsVersion = 13.2.1;
					};
					37AB3EEE28679DF900724052 = {
						CreatedOnToolsVersion = 13.2.1;
						TestTargetID = 37AB3ED528679DF800724052;
					};
					37AB3EF828679DF900724052 = {
						CreatedOnToolsVersion = 13.2.1;
						TestTargetID = 37AB3ED528679DF800724052;
					};
				};
			};
			buildConfigurationList = 37AB3ED128679DF800724052 /* Build configuration list for PBXProject "dataapp" */;
			compatibilityVersion = "Xcode 13.0";
			developmentRegion = en;
			hasScannedForEncodings = 0;
			knownRegions = (
				en,
				Base,
			);
			mainGroup = 37AB3ECD28679DF800724052;
			productRefGroup = 37AB3ED728679DF800724052 /* Products */;
			projectDirPath = "";
			projectRoot = "";
			targets = (
				37AB3ED528679DF800724052 /* dataapp */,
				37AB3EEE28679DF900724052 /* dataappTests */,
				37AB3EF828679DF900724052 /* dataappUITests */,
			);
		};
/* End PBXProject section */

/* Begin PBXResourcesBuildPhase section */
		37AB3ED428679DF800724052 /* Resources */ = {
			isa = PBXResourcesBuildPhase;
			buildActionMask = 2147483647;
			files = (
				37AB3EE928679DF900724052 /* LaunchScreen.storyboard in Resources */,
				37AB3EE628679DF900724052 /* Assets.xcassets in Resources */,
				37AB3EE128679DF800724052 /* Main.storyboard in Resources */,
			);
			runOnlyForDeploymentPostprocessing = 0;
		};
		37AB3EED28679DF900724052 /* Resources */ = {
			isa = PBXResourcesBuildPhase;
			buildActionMask = 2147483647;
			files = (
			);
			runOnlyForDeploymentPostprocessing = 0;
		};
		37AB3EF728679DF900724052 /* Resources */ = {
			isa = PBXResourcesBuildPhase;
			buildActionMask = 2147483647;
			files = (
			);
			runOnlyForDeploymentPostprocessing = 0;
		};
/* End PBXResourcesBuildPhase section */

/* Begin PBXSourcesBuildPhase section */
		37AB3ED228679DF800724052 /* Sources */ = {
			isa = PBXSourcesBuildPhase;
			buildActionMask = 2147483647;
			files = (
				37AB3EDE28679DF800724052 /* ViewController.swift in Sources */,
				37AB3EDA28679DF800724052 /* AppDelegate.swift in Sources */,
				37AB3EDC28679DF800724052 /* SceneDelegate.swift in Sources */,
				37AB3EE428679DF800724052 /* dataapp.xcdatamodeld in Sources */,
				37AB3F0D2867A4C600724052 /* detayViewController.swift in Sources */,
			);
			runOnlyForDeploymentPostprocessing = 0;
		};
		37AB3EEB28679DF900724052 /* Sources */ = {
			isa = PBXSourcesBuildPhase;
			buildActionMask = 2147483647;
			files = (
				37AB3EF428679DF900724052 /* dataappTests.swift in Sources */,
			);
			runOnlyForDeploymentPostprocessing = 0;
		};
		37AB3EF528679DF900724052 /* Sources */ = {
			isa = PBXSourcesBuildPhase;
			buildActionMask = 2147483647;
			files = (
				37AB3F0028679DF900724052 /* dataappUITestsLaunchTests.swift in Sources */,
				37AB3EFE28679DF900724052 /* dataappUITests.swift in Sources */,
			);
			runOnlyForDeploymentPostprocessing = 0;
		};
/* End PBXSourcesBuildPhase section */

/* Begin PBXTargetDependency section */
		37AB3EF128679DF900724052 /* PBXTargetDependency */ = {
			isa = PBXTargetDependency;
			target = 37AB3ED528679DF800724052 /* dataapp */;
			targetProxy = 37AB3EF028679DF900724052 /* PBXContainerItemProxy */;
		};
		37AB3EFB28679DF900724052 /* PBXTargetDependency */ = {
			isa = PBXTargetDependency;
			target = 37AB3ED528679DF800724052 /* dataapp */;
			targetProxy = 37AB3EFA28679DF900724052 /* PBXContainerItemProxy */;
		};
/* End PBXTargetDependency section */

/* Begin PBXVariantGroup section */
		37AB3EDF28679DF800724052 /* Main.storyboard */ = {
			isa = PBXVariantGroup;
			children = (
				37AB3EE028679DF800724052 /* Base */,
			);
			name = Main.storyboard;
			sourceTree = "<group>";
		};
		37AB3EE728679DF900724052 /* LaunchScreen.storyboard */ = {
			isa = PBXVariantGroup;
			children = (
				37AB3EE828679DF900724052 /* Base */,
			);
			name = LaunchScreen.storyboard;
			sourceTree = "<group>";
		};
/* End PBXVariantGroup section */

/* Begin XCBuildConfiguration section */
		37AB3F0128679DF900724052 /* Debug */ = {
			isa = XCBuildConfiguration;
			buildSettings = {
				ALWAYS_SEARCH_USER_PATHS = NO;
				CLANG_ANALYZER_NONNULL = YES;
				CLANG_ANALYZER_NUMBER_OBJECT_CONVERSION = YES_AGGRESSIVE;
				CLANG_CXX_LANGUAGE_STANDARD = "gnu++17";
				CLANG_CXX_LIBRARY = "libc++";
				CLANG_ENABLE_MODULES = YES;
				CLANG_ENABLE_OBJC_ARC = YES;
				CLANG_ENABLE_OBJC_WEAK = YES;
				CLANG_WARN_BLOCK_CAPTURE_AUTORELEASING = YES;
				CLANG_WARN_BOOL_CONVERSION = YES;
				CLANG_WARN_COMMA = YES;
				CLANG_WARN_CONSTANT_CONVERSION = YES;
				CLANG_WARN_DEPRECATED_OBJC_IMPLEMENTATIONS = YES;
				CLANG_WARN_DIRECT_OBJC_ISA_USAGE = YES_ERROR;
				CLANG_WARN_DOCUMENTATION_COMMENTS = YES;
				CLANG_WARN_EMPTY_BODY = YES;
				CLANG_WARN_ENUM_CONVERSION = YES;
				CLANG_WARN_INFINITE_RECURSION = YES;
				CLANG_WARN_INT_CONVERSION = YES;
				CLANG_WARN_NON_LITERAL_NULL_CONVERSION = YES;
				CLANG_WARN_OBJC_IMPLICIT_RETAIN_SELF = YES;
				CLANG_WARN_OBJC_LITERAL_CONVERSION = YES;
				CLANG_WARN_OBJC_ROOT_CLASS = YES_ERROR;
				CLANG_WARN_QUOTED_INCLUDE_IN_FRAMEWORK_HEADER = YES;
				CLANG_WARN_RANGE_LOOP_ANALYSIS = YES;
				CLANG_WARN_STRICT_PROTOTYPES = YES;
				CLANG_WARN_SUSPICIOUS_MOVE = YES;
				CLANG_WARN_UNGUARDED_AVAILABILITY = YES_AGGRESSIVE;
				CLANG_WARN_UNREACHABLE_CODE = YES;
				CLANG_WARN__DUPLICATE_METHOD_MATCH = YES;
				COPY_PHASE_STRIP = NO;
				DEBUG_INFORMATION_FORMAT = dwarf;
				ENABLE_STRICT_OBJC_MSGSEND = YES;
				ENABLE_TESTABILITY = YES;
				GCC_C_LANGUAGE_STANDARD = gnu11;
				GCC_DYNAMIC_NO_PIC = NO;
				GCC_NO_COMMON_BLOCKS = YES;
				GCC_OPTIMIZATION_LEVEL = 0;
				GCC_PREPROCESSOR_DEFINITIONS = (
					"DEBUG=1",
					"$(inherited)",
				);
				GCC_WARN_64_TO_32_BIT_CONVERSION = YES;
				GCC_WARN_ABOUT_RETURN_TYPE = YES_ERROR;
				GCC_WARN_UNDECLARED_SELECTOR = YES;
				GCC_WARN_UNINITIALIZED_AUTOS = YES_AGGRESSIVE;
				GCC_WARN_UNUSED_FUNCTION = YES;
				GCC_WARN_UNUSED_VARIABLE = YES;
				IPHONEOS_DEPLOYMENT_TARGET = 15.2;
				MTL_ENABLE_DEBUG_INFO = INCLUDE_SOURCE;
				MTL_FAST_MATH = YES;
				ONLY_ACTIVE_ARCH = YES;
				SDKROOT = iphoneos;
				SWIFT_ACTIVE_COMPILATION_CONDITIONS = DEBUG;
				SWIFT_OPTIMIZATION_LEVEL = "-Onone";
			};
			name = Debug;
		};
		37AB3F0228679DF900724052 /* Release */ = {
			isa = XCBuildConfiguration;
			buildSettings = {
				ALWAYS_SEARCH_USER_PATHS = NO;
				CLANG_ANALYZER_NONNULL = YES;
				CLANG_ANALYZER_NUMBER_OBJECT_CONVERSION = YES_AGGRESSIVE;
				CLANG_CXX_LANGUAGE_STANDARD = "gnu++17";
				CLANG_CXX_LIBRARY = "libc++";
				CLANG_ENABLE_MODULES = YES;
				CLANG_ENABLE_OBJC_ARC = YES;
				CLANG_ENABLE_OBJC_WEAK = YES;
				CLANG_WARN_BLOCK_CAPTURE_AUTORELEASING = YES;
				CLANG_WARN_BOOL_CONVERSION = YES;
				CLANG_WARN_COMMA = YES;
				CLANG_WARN_CONSTANT_CONVERSION = YES;
				CLANG_WARN_DEPRECATED_OBJC_IMPLEMENTATIONS = YES;
				CLANG_WARN_DIRECT_OBJC_ISA_USAGE = YES_ERROR;
				CLANG_WARN_DOCUMENTATION_COMMENTS = YES;
				CLANG_WARN_EMPTY_BODY = YES;
				CLANG_WARN_ENUM_CONVERSION = YES;
				CLANG_WARN_INFINITE_RECURSION = YES;
				CLANG_WARN_INT_CONVERSION = YES;
				CLANG_WARN_NON_LITERAL_NULL_CONVERSION = YES;
				CLANG_WARN_OBJC_IMPLICIT_RETAIN_SELF = YES;
				CLANG_WARN_OBJC_LITERAL_CONVERSION = YES;
				CLANG_WARN_OBJC_ROOT_CLASS = YES_ERROR;
				CLANG_WARN_QUOTED_INCLUDE_IN_FRAMEWORK_HEADER = YES;
				CLANG_WARN_RANGE_LOOP_ANALYSIS = YES;
				CLANG_WARN_STRICT_PROTOTYPES = YES;
				CLANG_WARN_SUSPICIOUS_MOVE = YES;
				CLANG_WARN_UNGUARDED_AVAILABILITY = YES_AGGRESSIVE;
				CLANG_WARN_UNREACHABLE_CODE = YES;
				CLANG_WARN__DUPLICATE_METHOD_MATCH = YES;
				COPY_PHASE_STRIP = NO;
				DEBUG_INFORMATION_FORMAT = "dwarf-with-dsym";
				ENABLE_NS_ASSERTIONS = NO;
				ENABLE_STRICT_OBJC_MSGSEND = YES;
				GCC_C_LANGUAGE_STANDARD = gnu11;
				GCC_NO_COMMON_BLOCKS = YES;
				GCC_WARN_64_TO_32_BIT_CONVERSION = YES;
				GCC_WARN_ABOUT_RETURN_TYPE = YES_ERROR;
				GCC_WARN_UNDECLARED_SELECTOR = YES;
				GCC_WARN_UNINITIALIZED_AUTOS = YES_AGGRESSIVE;
				GCC_WARN_UNUSED_FUNCTION = YES;
				GCC_WARN_UNUSED_VARIABLE = YES;
				IPHONEOS_DEPLOYMENT_TARGET = 15.2;
				MTL_ENABLE_DEBUG_INFO = NO;
				MTL_FAST_MATH = YES;
				SDKROOT = iphoneos;
				SWIFT_COMPILATION_MODE = wholemodule;
				SWIFT_OPTIMIZATION_LEVEL = "-O";
				VALIDATE_PRODUCT = YES;
			};
			name = Release;
		};
		37AB3F0428679DF900724052 /* Debug */ = {
			isa = XCBuildConfiguration;
			buildSettings = {
				ASSETCATALOG_COMPILER_APPICON_NAME = AppIcon;
				ASSETCATALOG_COMPILER_GLOBAL_ACCENT_COLOR_NAME = AccentColor;
				CODE_SIGN_STYLE = Automatic;
				CURRENT_PROJECT_VERSION = 1;
				DEVELOPMENT_TEAM = S434H2RFRK;
				GENERATE_INFOPLIST_FILE = YES;
				INFOPLIST_FILE = dataapp/Info.plist;
				INFOPLIST_KEY_UIApplicationSupportsIndirectInputEvents = YES;
				INFOPLIST_KEY_UILaunchStoryboardName = LaunchScreen;
				INFOPLIST_KEY_UIMainStoryboardFile = Main;
				INFOPLIST_KEY_UISupportedInterfaceOrientations_iPad = "UIInterfaceOrientationPortrait UIInterfaceOrientationPortraitUpsideDown UIInterfaceOrientationLandscapeLeft UIInterfaceOrientationLandscapeRight";
				INFOPLIST_KEY_UISupportedInterfaceOrientations_iPhone = "UIInterfaceOrientationPortrait UIInterfaceOrientationLandscapeLeft UIInterfaceOrientationLandscapeRight";
				LD_RUNPATH_SEARCH_PATHS = (
					"$(inherited)",
					"@executable_path/Frameworks",
				);
				MARKETING_VERSION = 1.0;
				PRODUCT_BUNDLE_IDENTIFIER = com.myfirst.dataapp;
				PRODUCT_NAME = "$(TARGET_NAME)";
				SWIFT_EMIT_LOC_STRINGS = YES;
				SWIFT_VERSION = 5.0;
				TARGETED_DEVICE_FAMILY = "1,2";
			};
			name = Debug;
		};
		37AB3F0528679DF900724052 /* Release */ = {
			isa = XCBuildConfiguration;
			buildSettings = {
				ASSETCATALOG_COMPILER_APPICON_NAME = AppIcon;
				ASSETCATALOG_COMPILER_GLOBAL_ACCENT_COLOR_NAME = AccentColor;
				CODE_SIGN_STYLE = Automatic;
				CURRENT_PROJECT_VERSION = 1;
				DEVELOPMENT_TEAM = S434H2RFRK;
				GENERATE_INFOPLIST_FILE = YES;
				INFOPLIST_FILE = dataapp/Info.plist;
				INFOPLIST_KEY_UIApplicationSupportsIndirectInputEvents = YES;
				INFOPLIST_KEY_UILaunchStoryboardName = LaunchScreen;
				INFOPLIST_KEY_UIMainStoryboardFile = Main;
				INFOPLIST_KEY_UISupportedInterfaceOrientations_iPad = "UIInterfaceOrientationPortrait UIInterfaceOrientationPortraitUpsideDown UIInterfaceOrientationLandscapeLeft UIInterfaceOrientationLandscapeRight";
				INFOPLIST_KEY_UISupportedInterfaceOrientations_iPhone = "UIInterfaceOrientationPortrait UIInterfaceOrientationLandscapeLeft UIInterfaceOrientationLandscapeRight";
				LD_RUNPATH_SEARCH_PATHS = (
					"$(inherited)",
					"@executable_path/Frameworks",
				);
				MARKETING_VERSION = 1.0;
				PRODUCT_BUNDLE_IDENTIFIER = com.myfirst.dataapp;
				PRODUCT_NAME = "$(TARGET_NAME)";
				SWIFT_EMIT_LOC_STRINGS = YES;
				SWIFT_VERSION = 5.0;
				TARGETED_DEVICE_FAMILY = "1,2";
			};
			name = Release;
		};
		37AB3F0728679DF900724052 /* Debug */ = {
			isa = XCBuildConfiguration;
			buildSettings = {
				ALWAYS_EMBED_SWIFT_STANDARD_LIBRARIES = YES;
				BUNDLE_LOADER = "$(TEST_HOST)";
				CODE_SIGN_STYLE = Automatic;
				CURRENT_PROJECT_VERSION = 1;
				DEVELOPMENT_TEAM = S434H2RFRK;
				GENERATE_INFOPLIST_FILE = YES;
				IPHONEOS_DEPLOYMENT_TARGET = 15.2;
				MARKETING_VERSION = 1.0;
				PRODUCT_BUNDLE_IDENTIFIER = com.myfirst.dataappTests;
				PRODUCT_NAME = "$(TARGET_NAME)";
				SWIFT_EMIT_LOC_STRINGS = NO;
				SWIFT_VERSION = 5.0;
				TARGETED_DEVICE_FAMILY = "1,2";
				TEST_HOST = "$(BUILT_PRODUCTS_DIR)/dataapp.app/dataapp";
			};
			name = Debug;
		};
		37AB3F0828679DF900724052 /* Release */ = {
			isa = XCBuildConfiguration;
			buildSettings = {
				ALWAYS_EMBED_SWIFT_STANDARD_LIBRARIES = YES;
				BUNDLE_LOADER = "$(TEST_HOST)";
				CODE_SIGN_STYLE = Automatic;
				CURRENT_PROJECT_VERSION = 1;
				DEVELOPMENT_TEAM = S434H2RFRK;
				GENERATE_INFOPLIST_FILE = YES;
				IPHONEOS_DEPLOYMENT_TARGET = 15.2;
				MARKETING_VERSION = 1.0;
				PRODUCT_BUNDLE_IDENTIFIER = com.myfirst.dataappTests;
				PRODUCT_NAME = "$(TARGET_NAME)";
				SWIFT_EMIT_LOC_STRINGS = NO;
				SWIFT_VERSION = 5.0;
				TARGETED_DEVICE_FAMILY = "1,2";
				TEST_HOST = "$(BUILT_PRODUCTS_DIR)/dataapp.app/dataapp";
			};
			name = Release;
		};
		37AB3F0A28679DF900724052 /* Debug */ = {
			isa = XCBuildConfiguration;
			buildSettings = {
				ALWAYS_EMBED_SWIFT_STANDARD_LIBRARIES = YES;
				CODE_SIGN_STYLE = Automatic;
				CURRENT_PROJECT_VERSION = 1;
				DEVELOPMENT_TEAM = S434H2RFRK;
				GENERATE_INFOPLIST_FILE = YES;
				MARKETING_VERSION = 1.0;
				PRODUCT_BUNDLE_IDENTIFIER = com.myfirst.dataappUITests;
				PRODUCT_NAME = "$(TARGET_NAME)";
				SWIFT_EMIT_LOC_STRINGS = NO;
				SWIFT_VERSION = 5.0;
				TARGETED_DEVICE_FAMILY = "1,2";
				TEST_TARGET_NAME = dataapp;
			};
			name = Debug;
		};
		37AB3F0B28679DF900724052 /* Release */ = {
			isa = XCBuildConfiguration;
			buildSettings = {
				ALWAYS_EMBED_SWIFT_STANDARD_LIBRARIES = YES;
				CODE_SIGN_STYLE = Automatic;
				CURRENT_PROJECT_VERSION = 1;
				DEVELOPMENT_TEAM = S434H2RFRK;
				GENERATE_INFOPLIST_FILE = YES;
				MARKETING_VERSION = 1.0;
				PRODUCT_BUNDLE_IDENTIFIER = com.myfirst.dataappUITests;
				PRODUCT_NAME = "$(TARGET_NAME)";
				SWIFT_EMIT_LOC_STRINGS = NO;
				SWIFT_VERSION = 5.0;
				TARGETED_DEVICE_FAMILY = "1,2";
				TEST_TARGET_NAME = dataapp;
			};
			name = Release;
		};
/* End XCBuildConfiguration section */

/* Begin XCConfigurationList section */
		37AB3ED128679DF800724052 /* Build configuration list for PBXProject "dataapp" */ = {
			isa = XCConfigurationList;
			buildConfigurations = (
				37AB3F0128679DF900724052 /* Debug */,
				37AB3F0228679DF900724052 /* Release */,
			);
			defaultConfigurationIsVisible = 0;
			defaultConfigurationName = Release;
		};
		37AB3F0328679DF900724052 /* Build configuration list for PBXNativeTarget "dataapp" */ = {
			isa = XCConfigurationList;
			buildConfigurations = (
				37AB3F0428679DF900724052 /* Debug */,
				37AB3F0528679DF900724052 /* Release */,
			);
			defaultConfigurationIsVisible = 0;
			defaultConfigurationName = Release;
		};
		37AB3F0628679DF900724052 /* Build configuration list for PBXNativeTarget "dataappTests" */ = {
			isa = XCConfigurationList;
			buildConfigurations = (
				37AB3F0728679DF900724052 /* Debug */,
				37AB3F0828679DF900724052 /* Release */,
			);
			defaultConfigurationIsVisible = 0;
			defaultConfigurationName = Release;
		};
		37AB3F0928679DF900724052 /* Build configuration list for PBXNativeTarget "dataappUITests" */ = {
			isa = XCConfigurationList;
			buildConfigurations = (
				37AB3F0A28679DF900724052 /* Debug */,
				37AB3F0B28679DF900724052 /* Release */,
			);
			defaultConfigurationIsVisible = 0;
			defaultConfigurationName = Release;
		};
/* End XCConfigurationList section */

/* Begin XCVersionGroup section */
		37AB3EE228679DF800724052 /* dataapp.xcdatamodeld */ = {
			isa = XCVersionGroup;
			children = (
				37AB3EE328679DF800724052 /* dataapp.xcdatamodel */,
			);
			currentVersion = 37AB3EE328679DF800724052 /* dataapp.xcdatamodel */;
			path = dataapp.xcdatamodeld;
			sourceTree = "<group>";
			versionGroupType = wrapper.xcdatamodel;
		};
/* End XCVersionGroup section */
	};
	rootObject = 37AB3ECE28679DF800724052 /* Project object */;
}
